// !$*UTF8*$!
{
	archiveVersion = 1;
	classes = {
	};
	objectVersion = 77;
	objects = {

/* Begin PBXContainerItemProxy section */
		8C3F6CFA2FA945DB004EBFC6 /* PBXContainerItemProxy */ = {
			isa = PBXContainerItemProxy;
			containerPortal = 8C3F6CD82FA945D8004EBFC6 /* Project object */;
			proxyType = 1;
			remoteGlobalIDString = 8C3F6CDF2FA945D8004EBFC6;
			remoteInfo = "Secrets of Time";
		};
		8C3F6D042FA945DB004EBFC6 /* PBXContainerItemProxy */ = {
			isa = PBXContainerItemProxy;
			containerPortal = 8C3F6CD82FA945D8004EBFC6 /* Project object */;
			proxyType = 1;
			remoteGlobalIDString = 8C3F6CDF2FA945D8004EBFC6;
			remoteInfo = "Secrets of Time";
		};
/* End PBXContainerItemProxy section */

/* Begin PBXFileReference section */
		8C3F6CE02FA945D8004EBFC6 /* Secrets of Time.app */ = {isa = PBXFileReference; explicitFileType = wrapper.application; includeInIndex = 0; path = "Secrets of Time.app"; sourceTree = BUILT_PRODUCTS_DIR; };
		8C3F6CF92FA945DB004EBFC6 /* Secrets of TimeTests.xctest */ = {isa = PBXFileReference; explicitFileType = wrapper.cfbundle; includeInIndex = 0; path = "Secrets of TimeTests.xctest"; sourceTree = BUILT_PRODUCTS_DIR; };
		8C3F6D032FA945DB004EBFC6 /* Secrets of TimeUITests.xctest */ = {isa = PBXFileReference; explicitFileType = wrapper.cfbundle; includeInIndex = 0; path = "Secrets of TimeUITests.xctest"; sourceTree = BUILT_PRODUCTS_DIR; };
/* End PBXFileReference section */

/* Begin PBXFileSystemSynchronizedRootGroup section */
		8C3F6CE22FA945D8004EBFC6 /* Secrets of Time */ = {
			isa = PBXFileSystemSynchronizedRootGroup;
			path = "Secrets of Time";
			sourceTree = "<group>";
		};
		8C3F6CFC2FA945DB004EBFC6 /* Secrets of TimeTests */ = {
			isa = PBXFileSystemSynchronizedRootGroup;
			path = "Secrets of TimeTests";
			sourceTree = "<group>";
		};
		8C3F6D062FA945DB004EBFC6 /* Secrets of TimeUITests */ = {
			isa = PBXFileSystemSynchronizedRootGroup;
			path = "Secrets of TimeUITests";
			sourceTree = "<group>";
		};
/* End PBXFileSystemSynchronizedRootGroup section */

/* Begin PBXFrameworksBuildPhase section */
		8C3F6CDD2FA945D8004EBFC6 /* Frameworks */ = {
			isa = PBXFrameworksBuildPhase;
			buildActionMask = 2147483647;
			files = (
			);
			runOnlyForDeploymentPostprocessing = 0;
		};
		8C3F6CF62FA945DB004EBFC6 /* Frameworks */ = {
			isa = PBXFrameworksBuildPhase;
			buildActionMask = 2147483647;
			files = (
			);
			runOnlyForDeploymentPostprocessing = 0;
		};
		8C3F6D002FA945DB004EBFC6 /* Frameworks */ = {
			isa = PBXFrameworksBuildPhase;
			buildActionMask = 2147483647;
			files = (
			);
			runOnlyForDeploymentPostprocessing = 0;
		};
/* End PBXFrameworksBuildPhase section */

/* Begin PBXGroup section */
		8C3F6CD72FA945D8004EBFC6 = {
			isa = PBXGroup;
			children = (
				8C3F6CE22FA945D8004EBFC6 /* Secrets of Time */,
				8C3F6CFC2FA945DB004EBFC6 /* Secrets of TimeTests */,
				8C3F6D062FA945DB004EBFC6 /* Secrets of TimeUITests */,
				8C3F6CE12FA945D8004EBFC6 /* Products */,
			);
			sourceTree = "<group>";
		};
		8C3F6CE12FA945D8004EBFC6 /* Products */ = {
			isa = PBXGroup;
			children = (
				8C3F6CE02FA945D8004EBFC6 /* Secrets of Time.app */,
				8C3F6CF92FA945DB004EBFC6 /* Secrets of TimeTests.xctest */,
				8C3F6D032FA945DB004EBFC6 /* Secrets of TimeUITests.xctest */,
			);
			name = Products;
			sourceTree = "<group>";
		};
/* End PBXGroup section */

/* Begin PBXNativeTarget section */
		8C3F6CDF2FA945D8004EBFC6 /* Secrets of Time */ = {
			isa = PBXNativeTarget;
			buildConfigurationList = 8C3F6D0D2FA945DB004EBFC6 /* Build configuration list for PBXNativeTarget "Secrets of Time" */;
			buildPhases = (
				8C3F6CDC2FA945D8004EBFC6 /* Sources */,
				8C3F6CDD2FA945D8004EBFC6 /* Frameworks */,
				8C3F6CDE2FA945D8004EBFC6 /* Resources */,
			);
			buildRules = (
			);
			dependencies = (
			);
			fileSystemSynchronizedGroups = (
				8C3F6CE22FA945D8004EBFC6 /* Secrets of Time */,
			);
			name = "Secrets of Time";
			packageProductDependencies = (
			);
			productName = "Secrets of Time";
			productReference = 8C3F6CE02FA945D8004EBFC6 /* Secrets of Time.app */;
			productType = "com.apple.product-type.application";
		};
		8C3F6CF82FA945DB004EBFC6 /* Secrets of TimeTests */ = {
			isa = PBXNativeTarget;
			buildConfigurationList = 8C3F6D102FA945DB004EBFC6 /* Build configuration list for PBXNativeTarget "Secrets of TimeTests" */;
			buildPhases = (
				8C3F6CF52FA945DB004EBFC6 /* Sources */,
				8C3F6CF62FA945DB004EBFC6 /* Frameworks */,
				8C3F6CF72FA945DB004EBFC6 /* Resources */,
			);
			buildRules = (
			);
			dependencies = (
				8C3F6CFB2FA945DB004EBFC6 /* PBXTargetDependency */,
			);
			fileSystemSynchronizedGroups = (
				8C3F6CFC2FA945DB004EBFC6 /* Secrets of TimeTests */,
			);
			name = "Secrets of TimeTests";
			packageProductDependencies = (
			);
			productName = "Secrets of TimeTests";
			productReference = 8C3F6CF92FA945DB004EBFC6 /* Secrets of TimeTests.xctest */;
			productType = "com.apple.product-type.bundle.unit-test";
		};
		8C3F6D022FA945DB004EBFC6 /* Secrets of TimeUITests */ = {
			isa = PBXNativeTarget;
			buildConfigurationList = 8C3F6D132FA945DB004EBFC6 /* Build configuration list for PBXNativeTarget "Secrets of TimeUITests" */;
			buildPhases = (
				8C3F6CFF2FA945DB004EBFC6 /* Sources */,
				8C3F6D002FA945DB004EBFC6 /* Frameworks */,
				8C3F6D012FA945DB004EBFC6 /* Resources */,
			);
			buildRules = (
			);
			dependencies = (
				8C3F6D052FA945DB004EBFC6 /* PBXTargetDependency */,
			);
			fileSystemSynchronizedGroups = (
				8C3F6D062FA945DB004EBFC6 /* Secrets of TimeUITests */,
			);
			name = "Secrets of TimeUITests";
			packageProductDependencies = (
			);
			productName = "Secrets of TimeUITests";
			productReference = 8C3F6D032FA945DB004EBFC6 /* Secrets of TimeUITests.xctest */;
			productType = "com.apple.product-type.bundle.ui-testing";
		};
/* End PBXNativeTarget section */

/* Begin PBXProject section */
		8C3F6CD82FA945D8004EBFC6 /* Project object */ = {
			isa = PBXProject;
			attributes = {
				BuildIndependentTargetsInParallel = 1;
				LastSwiftUpdateCheck = 1630;
				LastUpgradeCheck = 1630;
				TargetAttributes = {
					8C3F6CDF2FA945D8004EBFC6 = {
						CreatedOnToolsVersion = 16.3;
					};
					8C3F6CF82FA945DB004EBFC6 = {
						CreatedOnToolsVersion = 16.3;
						TestTargetID = 8C3F6CDF2FA945D8004EBFC6;
					};
					8C3F6D022FA945DB004EBFC6 = {
						CreatedOnToolsVersion = 16.3;
						TestTargetID = 8C3F6CDF2FA945D8004EBFC6;
					};
				};
			};
			buildConfigurationList = 8C3F6CDB2FA945D8004EBFC6 /* Build configuration list for PBXProject "Secrets of Time" */;
			developmentRegion = en;
			hasScannedForEncodings = 0;
			knownRegions = (
				en,
				Base,
			);
			mainGroup = 8C3F6CD72FA945D8004EBFC6;
			minimizedProjectReferenceProxies = 1;
			preferredProjectObjectVersion = 77;
			productRefGroup = 8C3F6CE12FA945D8004EBFC6 /* Products */;
			projectDirPath = "";
			projectRoot = "";
			targets = (
				8C3F6CDF2FA945D8004EBFC6 /* Secrets of Time */,
				8C3F6CF82FA945DB004EBFC6 /* Secrets of TimeTests */,
				8C3F6D022FA945DB004EBFC6 /* Secrets of TimeUITests */,
			);
		};
/* End PBXProject section */

/* Begin PBXResourcesBuildPhase section */
		8C3F6CDE2FA945D8004EBFC6 /* Resources */ = {
			isa = PBXResourcesBuildPhase;
			buildActionMask = 2147483647;
			files = (
			);
			runOnlyForDeploymentPostprocessing = 0;
		};
		8C3F6CF72FA945DB004EBFC6 /* Resources */ = {
			isa = PBXResourcesBuildPhase;
			buildActionMask = 2147483647;
			files = (
			);
			runOnlyForDeploymentPostprocessing = 0;
		};
		8C3F6D012FA945DB004EBFC6 /* Resources */ = {
			isa = PBXResourcesBuildPhase;
			buildActionMask = 2147483647;
			files = (
			);
			runOnlyForDeploymentPostprocessing = 0;
		};
/* End PBXResourcesBuildPhase section */

/* Begin PBXSourcesBuildPhase section */
		8C3F6CDC2FA945D8004EBFC6 /* Sources */ = {
			isa = PBXSourcesBuildPhase;
			buildActionMask = 2147483647;
			files = (
			);
			runOnlyForDeploymentPostprocessing = 0;
		};
		8C3F6CF52FA945DB004EBFC6 /* Sources */ = {
			isa = PBXSourcesBuildPhase;
			buildActionMask = 2147483647;
			files = (
			);
			runOnlyForDeploymentPostprocessing = 0;
		};
		8C3F6CFF2FA945DB004EBFC6 /* Sources */ = {
			isa = PBXSourcesBuildPhase;
			buildActionMask = 2147483647;
			files = (
			);
			runOnlyForDeploymentPostprocessing = 0;
		};
/* End PBXSourcesBuildPhase section */

/* Begin PBXTargetDependency section */
		8C3F6CFB2FA945DB004EBFC6 /* PBXTargetDependency */ = {
			isa = PBXTargetDependency;
			target = 8C3F6CDF2FA945D8004EBFC6 /* Secrets of Time */;
			targetProxy = 8C3F6CFA2FA945DB004EBFC6 /* PBXContainerItemProxy */;
		};
		8C3F6D052FA945DB004EBFC6 /* PBXTargetDependency */ = {
			isa = PBXTargetDependency;
			target = 8C3F6CDF2FA945D8004EBFC6 /* Secrets of Time */;
			targetProxy = 8C3F6D042FA945DB004EBFC6 /* PBXContainerItemProxy */;
		};
/* End PBXTargetDependency section */

/* Begin XCBuildConfiguration section */
		8C3F6D0B2FA945DB004EBFC6 /* Debug */ = {
			isa = XCBuildConfiguration;
			buildSettings = {
				ALWAYS_SEARCH_USER_PATHS = NO;
				ASSETCATALOG_COMPILER_GENERATE_SWIFT_ASSET_SYMBOL_EXTENSIONS = YES;
				CLANG_ANALYZER_NONNULL = YES;
				CLANG_ANALYZER_NUMBER_OBJECT_CONVERSION = YES_AGGRESSIVE;
				CLANG_CXX_LANGUAGE_STANDARD = "gnu++20";
				CLANG_ENABLE_MODULES = YES;
				CLANG_ENABLE_OBJC_ARC = YES;
				CLANG_ENABLE_OBJC_WEAK = YES;
				CLANG_WARN_BLOCK_CAPTURE_AUTORELEASING = YES;
				CLANG_WARN_BOOL_CONVERSION = YES;
				CLANG_WARN_COMMA = YES;
				CLANG_WARN_CONSTANT_CONVERSION = YES;
				CLANG_WARN_DEPRECATED_OBJC_IMPLEMENTATIONS = YES;
				CLANG_WARN_DIRECT_OBJC_ISA_USAGE = YES_ERROR;
				CLANG_WARN_DOCUMENTATION_COMMENTS = YES;
				CLANG_WARN_EMPTY_BODY = YES;
				CLANG_WARN_ENUM_CONVERSION = YES;
				CLANG_WARN_INFINITE_RECURSION = YES;
				CLANG_WARN_INT_CONVERSION = YES;
				CLANG_WARN_NON_LITERAL_NULL_CONVERSION = YES;
				CLANG_WARN_OBJC_IMPLICIT_RETAIN_SELF = YES;
				CLANG_WARN_OBJC_LITERAL_CONVERSION = YES;
				CLANG_WARN_OBJC_ROOT_CLASS = YES_ERROR;
				CLANG_WARN_QUOTED_INCLUDE_IN_FRAMEWORK_HEADER = YES;
				CLANG_WARN_RANGE_LOOP_ANALYSIS = YES;
				CLANG_WARN_STRICT_PROTOTYPES = YES;
				CLANG_WARN_SUSPICIOUS_MOVE = YES;
				CLANG_WARN_UNGUARDED_AVAILABILITY = YES_AGGRESSIVE;
				CLANG_WARN_UNREACHABLE_CODE = YES;
				CLANG_WARN__DUPLICATE_METHOD_MATCH = YES;
				COPY_PHASE_STRIP = NO;
				DEBUG_INFORMATION_FORMAT = dwarf;
				ENABLE_STRICT_OBJC_MSGSEND = YES;
				ENABLE_TESTABILITY = YES;
				ENABLE_USER_SCRIPT_SANDBOXING = YES;
				GCC_C_LANGUAGE_STANDARD = gnu17;
				GCC_DYNAMIC_NO_PIC = NO;
				GCC_NO_COMMON_BLOCKS = YES;
				GCC_OPTIMIZATION_LEVEL = 0;
				GCC_PREPROCESSOR_DEFINITIONS = (
					"DEBUG=1",
					"$(inherited)",
				);
				GCC_WARN_64_TO_32_BIT_CONVERSION = YES;
				GCC_WARN_ABOUT_RETURN_TYPE = YES_ERROR;
				GCC_WARN_UNDECLARED_SELECTOR = YES;
				GCC_WARN_UNINITIALIZED_AUTOS = YES_AGGRESSIVE;
				GCC_WARN_UNUSED_FUNCTION = YES;
				GCC_WARN_UNUSED_VARIABLE = YES;
				IPHONEOS_DEPLOYMENT_TARGET = 18.4;
				LOCALIZATION_PREFERS_STRING_CATALOGS = YES;
				MTL_ENABLE_DEBUG_INFO = INCLUDE_SOURCE;
				MTL_FAST_MATH = YES;
				ONLY_ACTIVE_ARCH = YES;
				SDKROOT = iphoneos;
				SWIFT_ACTIVE_COMPILATION_CONDITIONS = "DEBUG $(inherited)";
				SWIFT_OPTIMIZATION_LEVEL = "-Onone";
			};
			name = Debug;
		};
		8C3F6D0C2FA945DB004EBFC6 /* Release */ = {
			isa = XCBuildConfiguration;
			buildSettings = {
				ALWAYS_SEARCH_USER_PATHS = NO;
				ASSETCATALOG_COMPILER_GENERATE_SWIFT_ASSET_SYMBOL_EXTENSIONS = YES;
				CLANG_ANALYZER_NONNULL = YES;
				CLANG_ANALYZER_NUMBER_OBJECT_CONVERSION = YES_AGGRESSIVE;
				CLANG_CXX_LANGUAGE_STANDARD = "gnu++20";
				CLANG_ENABLE_MODULES = YES;
				CLANG_ENABLE_OBJC_ARC = YES;
				CLANG_ENABLE_OBJC_WEAK = YES;
				CLANG_WARN_BLOCK_CAPTURE_AUTORELEASING = YES;
				CLANG_WARN_BOOL_CONVERSION = YES;
				CLANG_WARN_COMMA = YES;
				CLANG_WARN_CONSTANT_CONVERSION = YES;
				CLANG_WARN_DEPRECATED_OBJC_IMPLEMENTATIONS = YES;
				CLANG_WARN_DIRECT_OBJC_ISA_USAGE = YES_ERROR;
				CLANG_WARN_DOCUMENTATION_COMMENTS = YES;
				CLANG_WARN_EMPTY_BODY = YES;
				CLANG_WARN_ENUM_CONVERSION = YES;
				CLANG_WARN_INFINITE_RECURSION = YES;
				CLANG_WARN_INT_CONVERSION = YES;
				CLANG_WARN_NON_LITERAL_NULL_CONVERSION = YES;
				CLANG_WARN_OBJC_IMPLICIT_RETAIN_SELF = YES;
				CLANG_WARN_OBJC_LITERAL_CONVERSION = YES;
				CLANG_WARN_OBJC_ROOT_CLASS = YES_ERROR;
				CLANG_WARN_QUOTED_INCLUDE_IN_FRAMEWORK_HEADER = YES;
				CLANG_WARN_RANGE_LOOP_ANALYSIS = YES;
				CLANG_WARN_STRICT_PROTOTYPES = YES;
				CLANG_WARN_SUSPICIOUS_MOVE = YES;
				CLANG_WARN_UNGUARDED_AVAILABILITY = YES_AGGRESSIVE;
				CLANG_WARN_UNREACHABLE_CODE = YES;
				CLANG_WARN__DUPLICATE_METHOD_MATCH = YES;
				COPY_PHASE_STRIP = NO;
				DEBUG_INFORMATION_FORMAT = "dwarf-with-dsym";
				ENABLE_NS_ASSERTIONS = NO;
				ENABLE_STRICT_OBJC_MSGSEND = YES;
				ENABLE_USER_SCRIPT_SANDBOXING = YES;
				GCC_C_LANGUAGE_STANDARD = gnu17;
				GCC_NO_COMMON_BLOCKS = YES;
				GCC_WARN_64_TO_32_BIT_CONVERSION = YES;
				GCC_WARN_ABOUT_RETURN_TYPE = YES_ERROR;
				GCC_WARN_UNDECLARED_SELECTOR = YES;
				GCC_WARN_UNINITIALIZED_AUTOS = YES_AGGRESSIVE;
				GCC_WARN_UNUSED_FUNCTION = YES;
				GCC_WARN_UNUSED_VARIABLE = YES;
				IPHONEOS_DEPLOYMENT_TARGET = 18.4;
				LOCALIZATION_PREFERS_STRING_CATALOGS = YES;
				MTL_ENABLE_DEBUG_INFO = NO;
				MTL_FAST_MATH = YES;
				SDKROOT = iphoneos;
				SWIFT_COMPILATION_MODE = wholemodule;
				VALIDATE_PRODUCT = YES;
			};
			name = Release;
		};
		8C3F6D0E2FA945DB004EBFC6 /* Debug */ = {
			isa = XCBuildConfiguration;
			buildSettings = {
				ASSETCATALOG_COMPILER_APPICON_NAME = AppIcon;
				ASSETCATALOG_COMPILER_GLOBAL_ACCENT_COLOR_NAME = AccentColor;
				CODE_SIGN_STYLE = Automatic;
				CURRENT_PROJECT_VERSION = 1;
				DEVELOPMENT_TEAM = G59C497AQC;
				GENERATE_INFOPLIST_FILE = YES;
				INFOPLIST_KEY_UIApplicationSupportsIndirectInputEvents = YES;
				INFOPLIST_KEY_UILaunchStoryboardName = LaunchScreen;
				INFOPLIST_KEY_UIMainStoryboardFile = Main;
				INFOPLIST_KEY_UIStatusBarHidden = YES;
				INFOPLIST_KEY_UISupportedInterfaceOrientations_iPad = "UIInterfaceOrientationLandscapeLeft UIInterfaceOrientationLandscapeRight";
				INFOPLIST_KEY_UISupportedInterfaceOrientations_iPhone = "UIInterfaceOrientationLandscapeLeft UIInterfaceOrientationLandscapeRight";
				LD_RUNPATH_SEARCH_PATHS = (
					"$(inherited)",
					"@executable_path/Frameworks",
				);
				MARKETING_VERSION = 1.0;
				PRODUCT_BUNDLE_IDENTIFIER = "d3vsNotFound.Secrets-of-Time";
				PRODUCT_NAME = "$(TARGET_NAME)";
				SWIFT_EMIT_LOC_STRINGS = YES;
				SWIFT_VERSION = 5.0;
				TARGETED_DEVICE_FAMILY = "1,2";
			};
			name = Debug;
		};
		8C3F6D0F2FA945DB004EBFC6 /* Release */ = {
			isa = XCBuildConfiguration;
			buildSettings = {
				ASSETCATALOG_COMPILER_APPICON_NAME = AppIcon;
				ASSETCATALOG_COMPILER_GLOBAL_ACCENT_COLOR_NAME = AccentColor;
				CODE_SIGN_STYLE = Automatic;
				CURRENT_PROJECT_VERSION = 1;
				DEVELOPMENT_TEAM = G59C497AQC;
				GENERATE_INFOPLIST_FILE = YES;
				INFOPLIST_KEY_UIApplicationSupportsIndirectInputEvents = YES;
				INFOPLIST_KEY_UILaunchStoryboardName = LaunchScreen;
				INFOPLIST_KEY_UIMainStoryboardFile = Main;
				INFOPLIST_KEY_UIStatusBarHidden = YES;
				INFOPLIST_KEY_UISupportedInterfaceOrientations_iPad = "UIInterfaceOrientationLandscapeLeft UIInterfaceOrientationLandscapeRight";
				INFOPLIST_KEY_UISupportedInterfaceOrientations_iPhone = "UIInterfaceOrientationLandscapeLeft UIInterfaceOrientationLandscapeRight";
				LD_RUNPATH_SEARCH_PATHS = (
					"$(inherited)",
					"@executable_path/Frameworks",
				);
				MARKETING_VERSION = 1.0;
				PRODUCT_BUNDLE_IDENTIFIER = "d3vsNotFound.Secrets-of-Time";
				PRODUCT_NAME = "$(TARGET_NAME)";
				SWIFT_EMIT_LOC_STRINGS = YES;
				SWIFT_VERSION = 5.0;
				TARGETED_DEVICE_FAMILY = "1,2";
			};
			name = Release;
		};
		8C3F6D112FA945DB004EBFC6 /* Debug */ = {
			isa = XCBuildConfiguration;
			buildSettings = {
				BUNDLE_LOADER = "$(TEST_HOST)";
				CODE_SIGN_STYLE = Automatic;
				CURRENT_PROJECT_VERSION = 1;
				GENERATE_INFOPLIST_FILE = YES;
				IPHONEOS_DEPLOYMENT_TARGET = 18.4;
				MARKETING_VERSION = 1.0;
				PRODUCT_BUNDLE_IDENTIFIER = "d3vsNotFound.Secrets-of-TimeTests";
				PRODUCT_NAME = "$(TARGET_NAME)";
				SWIFT_EMIT_LOC_STRINGS = NO;
				SWIFT_VERSION = 5.0;
				TARGETED_DEVICE_FAMILY = "1,2";
				TEST_HOST = "$(BUILT_PRODUCTS_DIR)/Secrets of Time.app/$(BUNDLE_EXECUTABLE_FOLDER_PATH)/Secrets of Time";
			};
			name = Debug;
		};
		8C3F6D122FA945DB004EBFC6 /* Release */ = {
			isa = XCBuildConfiguration;
			buildSettings = {
				BUNDLE_LOADER = "$(TEST_HOST)";
				CODE_SIGN_STYLE = Automatic;
				CURRENT_PROJECT_VERSION = 1;
				GENERATE_INFOPLIST_FILE = YES;
				IPHONEOS_DEPLOYMENT_TARGET = 18.4;
				MARKETING_VERSION = 1.0;
				PRODUCT_BUNDLE_IDENTIFIER = "d3vsNotFound.Secrets-of-TimeTests";
				PRODUCT_NAME = "$(TARGET_NAME)";
				SWIFT_EMIT_LOC_STRINGS = NO;
				SWIFT_VERSION = 5.0;
				TARGETED_DEVICE_FAMILY = "1,2";
				TEST_HOST = "$(BUILT_PRODUCTS_DIR)/Secrets of Time.app/$(BUNDLE_EXECUTABLE_FOLDER_PATH)/Secrets of Time";
			};
			name = Release;
		};
		8C3F6D142FA945DB004EBFC6 /* Debug */ = {
			isa = XCBuildConfiguration;
			buildSettings = {
				CODE_SIGN_STYLE = Automatic;
				CURRENT_PROJECT_VERSION = 1;
				GENERATE_INFOPLIST_FILE = YES;
				MARKETING_VERSION = 1.0;
				PRODUCT_BUNDLE_IDENTIFIER = "d3vsNotFound.Secrets-of-TimeUITests";
				PRODUCT_NAME = "$(TARGET_NAME)";
				SWIFT_EMIT_LOC_STRINGS = NO;
				SWIFT_VERSION = 5.0;
				TARGETED_DEVICE_FAMILY = "1,2";
				TEST_TARGET_NAME = "Secrets of Time";
			};
			name = Debug;
		};
		8C3F6D152FA945DB004EBFC6 /* Release */ = {
			isa = XCBuildConfiguration;
			buildSettings = {
				CODE_SIGN_STYLE = Automatic;
				CURRENT_PROJECT_VERSION = 1;
				GENERATE_INFOPLIST_FILE = YES;
				MARKETING_VERSION = 1.0;
				PRODUCT_BUNDLE_IDENTIFIER = "d3vsNotFound.Secrets-of-TimeUITests";
				PRODUCT_NAME = "$(TARGET_NAME)";
				SWIFT_EMIT_LOC_STRINGS = NO;
				SWIFT_VERSION = 5.0;
				TARGETED_DEVICE_FAMILY = "1,2";
				TEST_TARGET_NAME = "Secrets of Time";
			};
			name = Release;
		};
/* End XCBuildConfiguration section */

/* Begin XCConfigurationList section */
		8C3F6CDB2FA945D8004EBFC6 /* Build configuration list for PBXProject "Secrets of Time" */ = {
			isa = XCConfigurationList;
			buildConfigurations = (
				8C3F6D0B2FA945DB004EBFC6 /* Debug */,
				8C3F6D0C2FA945DB004EBFC6 /* Release */,
			);
			defaultConfigurationIsVisible = 0;
			defaultConfigurationName = Release;
		};
		8C3F6D0D2FA945DB004EBFC6 /* Build configuration list for PBXNativeTarget "Secrets of Time" */ = {
			isa = XCConfigurationList;
			buildConfigurations = (
				8C3F6D0E2FA945DB004EBFC6 /* Debug */,
				8C3F6D0F2FA945DB004EBFC6 /* Release */,
			);
			defaultConfigurationIsVisible = 0;
			defaultConfigurationName = Release;
		};
		8C3F6D102FA945DB004EBFC6 /* Build configuration list for PBXNativeTarget "Secrets of TimeTests" */ = {
			isa = XCConfigurationList;
			buildConfigurations = (
				8C3F6D112FA945DB004EBFC6 /* Debug */,
				8C3F6D122FA945DB004EBFC6 /* Release */,
			);
			defaultConfigurationIsVisible = 0;
			defaultConfigurationName = Release;
		};
		8C3F6D132FA945DB004EBFC6 /* Build configuration list for PBXNativeTarget "Secrets of TimeUITests" */ = {
			isa = XCConfigurationList;
			buildConfigurations = (
				8C3F6D142FA945DB004EBFC6 /* Debug */,
				8C3F6D152FA945DB004EBFC6 /* Release */,
			);
			defaultConfigurationIsVisible = 0;
			defaultConfigurationName = Release;
		};
/* End XCConfigurationList section */
	};
	rootObject = 8C3F6CD82FA945D8004EBFC6 /* Project object */;
}
